
Microsoft Visual Studio Solution File, Format Version 12.00
# Visual Studio Version 17
VisualStudioVersion = 17.14.37111.16
MinimumVisualStudioVersion = 10.0.40219.1
Project("{2150E333-8FDC-42A3-9474-1A3956D46DE8}") = "Services", "Services", "{02EA681E-C7D8-13C7-8484-4AC65E1B71E8}"
EndProject
Project("{2150E333-8FDC-42A3-9474-1A3956D46DE8}") = "Catalog", "Catalog", "{ABA618FC-2672-4365-9785-3E2F59061B5D}"
EndProject
Project("{FAE04EC0-301F-11D3-BF4B-00C04F79EFBC}") = "MultiShop.Catalog", "Services\Catalog\MultiShop.Catalog\MultiShop.Catalog.csproj", "{1406005E-565A-48E0-97F2-C6EF696E05D6}"
EndProject
Project("{2150E333-8FDC-42A3-9474-1A3956D46DE8}") = "Discount", "Discount", "{B62F0E96-4C6C-4C18-B31E-E5AA69B18D4A}"
EndProject
Project("{FAE04EC0-301F-11D3-BF4B-00C04F79EFBC}") = "MultiShop.Discount", "Services\Discount\MultiShop.Discount\MultiShop.Discount.csproj", "{C585B217-007C-49DD-B891-2965D3D973F3}"
EndProject
Project("{2150E333-8FDC-42A3-9474-1A3956D46DE8}") = "Order", "Order", "{0CA63450-9E71-4948-ACC3-014576577C9E}"
EndProject
Project("{2150E333-8FDC-42A3-9474-1A3956D46DE8}") = "Core", "Core", "{236D7FA3-9588-42DF-81F5-230B151871AE}"
EndProject
Project("{2150E333-8FDC-42A3-9474-1A3956D46DE8}") = "Infrastructure", "Infrastructure", "{3615B5F2-5662-4E3F-9C78-A4F3BF3DC38A}"
EndProject
Project("{2150E333-8FDC-42A3-9474-1A3956D46DE8}") = "Presentation", "Presentation", "{0F936608-0212-4F51-8BB8-21011418B815}"
EndProject
Project("{FAE04EC0-301F-11D3-BF4B-00C04F79EFBC}") = "MultiShop.Order.Domain", "Services\Order\Core\MultiShop.Order.Domain\MultiShop.Order.Domain.csproj", "{152DF68D-A723-47B5-AAF2-1A07839A559F}"
EndProject
Project("{FAE04EC0-301F-11D3-BF4B-00C04F79EFBC}") = "MultiShop.Order.Application", "Services\Order\Core\MultiShop.Order.Application\MultiShop.Order.Application.csproj", "{794690F5-53F2-42C6-9490-61091850FA1A}"
EndProject
Project("{FAE04EC0-301F-11D3-BF4B-00C04F79EFBC}") = "MultiShop.Order.Persistence", "Services\Order\Infrastructure\MultiShop.Order.Persistence\MultiShop.Order.Persistence.csproj", "{D0792FC1-4DB0-4FB8-A8D1-7699C497E368}"
EndProject
Project("{FAE04EC0-301F-11D3-BF4B-00C04F79EFBC}") = "MultiShop.Order.WebApi", "Services\Order\Presentation\MultiShop.Order.WebApi\MultiShop.Order.WebApi.csproj", "{03BF74B0-46B3-4159-A33D-80E152ED687A}"
EndProject
Project("{2150E333-8FDC-42A3-9474-1A3956D46DE8}") = "IdentityServer", "IdentityServer", "{014F3517-EDCD-4BA6-97B6-0904CF40557A}"
EndProject
Project("{FAE04EC0-301F-11D3-BF4B-00C04F79EFBC}") = "MultiShop.IdentityServer", "IdentityServer\MultiShop.IdentityServer\MultiShop.IdentityServer.csproj", "{EA14094F-FB55-5ABC-1402-B4229C4AD0B1}"
EndProject
Project("{2150E333-8FDC-42A3-9474-1A3956D46DE8}") = "Cargo", "Cargo", "{32CEDDCD-ACC6-4EE1-81FB-27CFE3FF31F1}"
EndProject
Project("{FAE04EC0-301F-11D3-BF4B-00C04F79EFBC}") = "MultiShop.Cargo.BussinessLayer", "Services\Cargo\MultiShop.Cargo.BussinessLayer\MultiShop.Cargo.BussinessLayer.csproj", "{F1FA65FD-A3E0-4A29-B334-E1E79D4B73BB}"
EndProject
Project("{FAE04EC0-301F-11D3-BF4B-00C04F79EFBC}") = "MultiShop.Cargo.EntityLayer", "Services\Cargo\MultiShop.Cargo.EntityLayer\MultiShop.Cargo.EntityLayer.csproj", "{D16F53DD-8E48-4A47-8591-E4DDD2F9B56B}"
EndProject
Project("{FAE04EC0-301F-11D3-BF4B-00C04F79EFBC}") = "MultiShop.Cargo.DTOLayer", "Services\Cargo\MultiShop.Cargo.DTOLayer\MultiShop.Cargo.DTOLayer.csproj", "{4CEB189D-1C1A-499E-B5C8-78BD36ED6A27}"
EndProject
Project("{FAE04EC0-301F-11D3-BF4B-00C04F79EFBC}") = "MultiShop.Cargo.DataAccessLayer", "Services\Cargo\MultiShop.Cargo.DataAccessLayer\MultiShop.Cargo.DataAccessLayer.csproj", "{1EDA8476-E424-4F72-A8DC-27718AEF2A27}"
EndProject
Project("{FAE04EC0-301F-11D3-BF4B-00C04F79EFBC}") = "MultiShop.Cargo.WebApi", "Services\Cargo\MultiShop.Cargo.WebApi\MultiShop.Cargo.WebApi.csproj", "{578DC0A5-F43A-4F4D-92C0-8017A5C65765}"
EndProject
Project("{2150E333-8FDC-42A3-9474-1A3956D46DE8}") = "Requirement", "Requirement", "{9C884159-A739-4493-A345-C1CF44026CFC}"
	ProjectSection(SolutionItems) = preProject
		Port_Numaraları.txt = Port_Numaraları.txt
	EndProjectSection
EndProject
Project("{2150E333-8FDC-42A3-9474-1A3956D46DE8}") = "Basket", "Basket", "{0C7FA8BD-3443-4838-B76A-5532D576BB32}"
EndProject
Project("{FAE04EC0-301F-11D3-BF4B-00C04F79EFBC}") = "MultiShop.Basket", "Services\Basket\MultiShop.Basket\MultiShop.Basket.csproj", "{2B41EC40-254F-4BF6-AE1F-754195551242}"
EndProject
Project("{2150E333-8FDC-42A3-9474-1A3956D46DE8}") = "Frontends", "Frontends", "{FA036276-7B8B-4F37-9A2A-FB88F708F965}"
EndProject
Project("{FAE04EC0-301F-11D3-BF4B-00C04F79EFBC}") = "MultiShop.WebUI", "Frontends\MultiShop.WebUI\MultiShop.WebUI.csproj", "{D79BA641-9444-4C02-9D79-A336E91B8440}"
EndProject
Project("{FAE04EC0-301F-11D3-BF4B-00C04F79EFBC}") = "MultiShop.DTOLayer", "Frontends\MultiShop.DTOLayer\MultiShop.DTOLayer.csproj", "{410B79D5-A3B8-4481-B5F8-753A4052CF65}"
EndProject
Global
	GlobalSection(SolutionConfigurationPlatforms) = preSolution
		Debug|Any CPU = Debug|Any CPU
		Release|Any CPU = Release|Any CPU
	EndGlobalSection
	GlobalSection(ProjectConfigurationPlatforms) = postSolution
		{1406005E-565A-48E0-97F2-C6EF696E05D6}.Debug|Any CPU.ActiveCfg = Debug|Any CPU
		{1406005E-565A-48E0-97F2-C6EF696E05D6}.Debug|Any CPU.Build.0 = Debug|Any CPU
		{1406005E-565A-48E0-97F2-C6EF696E05D6}.Release|Any CPU.ActiveCfg = Release|Any CPU
		{1406005E-565A-48E0-97F2-C6EF696E05D6}.Release|Any CPU.Build.0 = Release|Any CPU
		{C585B217-007C-49DD-B891-2965D3D973F3}.Debug|Any CPU.ActiveCfg = Debug|Any CPU
		{C585B217-007C-49DD-B891-2965D3D973F3}.Debug|Any CPU.Build.0 = Debug|Any CPU
		{C585B217-007C-49DD-B891-2965D3D973F3}.Release|Any CPU.ActiveCfg = Release|Any CPU
		{C585B217-007C-49DD-B891-2965D3D973F3}.Release|Any CPU.Build.0 = Release|Any CPU
		{152DF68D-A723-47B5-AAF2-1A07839A559F}.Debug|Any CPU.ActiveCfg = Debug|Any CPU
		{152DF68D-A723-47B5-AAF2-1A07839A559F}.Debug|Any CPU.Build.0 = Debug|Any CPU
		{152DF68D-A723-47B5-AAF2-1A07839A559F}.Release|Any CPU.ActiveCfg = Release|Any CPU
		{152DF68D-A723-47B5-AAF2-1A07839A559F}.Release|Any CPU.Build.0 = Release|Any CPU
		{794690F5-53F2-42C6-9490-61091850FA1A}.Debug|Any CPU.ActiveCfg = Debug|Any CPU
		{794690F5-53F2-42C6-9490-61091850FA1A}.Debug|Any CPU.Build.0 = Debug|Any CPU
		{794690F5-53F2-42C6-9490-61091850FA1A}.Release|Any CPU.ActiveCfg = Release|Any CPU
		{794690F5-53F2-42C6-9490-61091850FA1A}.Release|Any CPU.Build.0 = Release|Any CPU
		{D0792FC1-4DB0-4FB8-A8D1-7699C497E368}.Debug|Any CPU.ActiveCfg = Debug|Any CPU
		{D0792FC1-4DB0-4FB8-A8D1-7699C497E368}.Debug|Any CPU.Build.0 = Debug|Any CPU
		{D0792FC1-4DB0-4FB8-A8D1-7699C497E368}.Release|Any CPU.ActiveCfg = Release|Any CPU
		{D0792FC1-4DB0-4FB8-A8D1-7699C497E368}.Release|Any CPU.Build.0 = Release|Any CPU
		{03BF74B0-46B3-4159-A33D-80E152ED687A}.Debug|Any CPU.ActiveCfg = Debug|Any CPU
		{03BF74B0-46B3-4159-A33D-80E152ED687A}.Debug|Any CPU.Build.0 = Debug|Any CPU
		{03BF74B0-46B3-4159-A33D-80E152ED687A}.Release|Any CPU.ActiveCfg = Release|Any CPU
		{03BF74B0-46B3-4159-A33D-80E152ED687A}.Release|Any CPU.Build.0 = Release|Any CPU
		{EA14094F-FB55-5ABC-1402-B4229C4AD0B1}.Debug|Any CPU.ActiveCfg = Debug|Any CPU
		{EA14094F-FB55-5ABC-1402-B4229C4AD0B1}.Debug|Any CPU.Build.0 = Debug|Any CPU
		{EA14094F-FB55-5ABC-1402-B4229C4AD0B1}.Release|Any CPU.ActiveCfg = Release|Any CPU
		{EA14094F-FB55-5ABC-1402-B4229C4AD0B1}.Release|Any CPU.Build.0 = Release|Any CPU
		{F1FA65FD-A3E0-4A29-B334-E1E79D4B73BB}.Debug|Any CPU.ActiveCfg = Debug|Any CPU
		{F1FA65FD-A3E0-4A29-B334-E1E79D4B73BB}.Debug|Any CPU.Build.0 = Debug|Any CPU
		{F1FA65FD-A3E0-4A29-B334-E1E79D4B73BB}.Release|Any CPU.ActiveCfg = Release|Any CPU
		{F1FA65FD-A3E0-4A29-B334-E1E79D4B73BB}.Release|Any CPU.Build.0 = Release|Any CPU
		{D16F53DD-8E48-4A47-8591-E4DDD2F9B56B}.Debug|Any CPU.ActiveCfg = Debug|Any CPU
		{D16F53DD-8E48-4A47-8591-E4DDD2F9B56B}.Debug|Any CPU.Build.0 = Debug|Any CPU
		{D16F53DD-8E48-4A47-8591-E4DDD2F9B56B}.Release|Any CPU.ActiveCfg = Release|Any CPU
		{D16F53DD-8E48-4A47-8591-E4DDD2F9B56B}.Release|Any CPU.Build.0 = Release|Any CPU
		{4CEB189D-1C1A-499E-B5C8-78BD36ED6A27}.Debug|Any CPU.ActiveCfg = Debug|Any CPU
		{4CEB189D-1C1A-499E-B5C8-78BD36ED6A27}.Debug|Any CPU.Build.0 = Debug|Any CPU
		{4CEB189D-1C1A-499E-B5C8-78BD36ED6A27}.Release|Any CPU.ActiveCfg = Release|Any CPU
		{4CEB189D-1C1A-499E-B5C8-78BD36ED6A27}.Release|Any CPU.Build.0 = Release|Any CPU
		{1EDA8476-E424-4F72-A8DC-27718AEF2A27}.Debug|Any CPU.ActiveCfg = Debug|Any CPU
		{1EDA8476-E424-4F72-A8DC-27718AEF2A27}.Debug|Any CPU.Build.0 = Debug|Any CPU
		{1EDA8476-E424-4F72-A8DC-27718AEF2A27}.Release|Any CPU.ActiveCfg = Release|Any CPU
		{1EDA8476-E424-4F72-A8DC-27718AEF2A27}.Release|Any CPU.Build.0 = Release|Any CPU
		{578DC0A5-F43A-4F4D-92C0-8017A5C65765}.Debug|Any CPU.ActiveCfg = Debug|Any CPU
		{578DC0A5-F43A-4F4D-92C0-8017A5C65765}.Debug|Any CPU.Build.0 = Debug|Any CPU
		{578DC0A5-F43A-4F4D-92C0-8017A5C65765}.Release|Any CPU.ActiveCfg = Release|Any CPU
		{578DC0A5-F43A-4F4D-92C0-8017A5C65765}.Release|Any CPU.Build.0 = Release|Any CPU
		{2B41EC40-254F-4BF6-AE1F-754195551242}.Debug|Any CPU.ActiveCfg = Debug|Any CPU
		{2B41EC40-254F-4BF6-AE1F-754195551242}.Debug|Any CPU.Build.0 = Debug|Any CPU
		{2B41EC40-254F-4BF6-AE1F-754195551242}.Release|Any CPU.ActiveCfg = Release|Any CPU
		{2B41EC40-254F-4BF6-AE1F-754195551242}.Release|Any CPU.Build.0 = Release|Any CPU
		{D79BA641-9444-4C02-9D79-A336E91B8440}.Debug|Any CPU.ActiveCfg = Debug|Any CPU
		{D79BA641-9444-4C02-9D79-A336E91B8440}.Debug|Any CPU.Build.0 = Debug|Any CPU
		{D79BA641-9444-4C02-9D79-A336E91B8440}.Release|Any CPU.ActiveCfg = Release|Any CPU
		{D79BA641-9444-4C02-9D79-A336E91B8440}.Release|Any CPU.Build.0 = Release|Any CPU
		{410B79D5-A3B8-4481-B5F8-753A4052CF65}.Debug|Any CPU.ActiveCfg = Debug|Any CPU
		{410B79D5-A3B8-4481-B5F8-753A4052CF65}.Debug|Any CPU.Build.0 = Debug|Any CPU
		{410B79D5-A3B8-4481-B5F8-753A4052CF65}.Release|Any CPU.ActiveCfg = Release|Any CPU
		{410B79D5-A3B8-4481-B5F8-753A4052CF65}.Release|Any CPU.Build.0 = Release|Any CPU
	EndGlobalSection
	GlobalSection(SolutionProperties) = preSolution
		HideSolutionNode = FALSE
	EndGlobalSection
	GlobalSection(NestedProjects) = preSolution
		{ABA618FC-2672-4365-9785-3E2F59061B5D} = {02EA681E-C7D8-13C7-8484-4AC65E1B71E8}
		{1406005E-565A-48E0-97F2-C6EF696E05D6} = {ABA618FC-2672-4365-9785-3E2F59061B5D}
		{B62F0E96-4C6C-4C18-B31E-E5AA69B18D4A} = {02EA681E-C7D8-13C7-8484-4AC65E1B71E8}
		{C585B217-007C-49DD-B891-2965D3D973F3} = {B62F0E96-4C6C-4C18-B31E-E5AA69B18D4A}
		{0CA63450-9E71-4948-ACC3-014576577C9E} = {02EA681E-C7D8-13C7-8484-4AC65E1B71E8}
		{236D7FA3-9588-42DF-81F5-230B151871AE} = {0CA63450-9E71-4948-ACC3-014576577C9E}
		{3615B5F2-5662-4E3F-9C78-A4F3BF3DC38A} = {0CA63450-9E71-4948-ACC3-014576577C9E}
		{0F936608-0212-4F51-8BB8-21011418B815} = {0CA63450-9E71-4948-ACC3-014576577C9E}
		{152DF68D-A723-47B5-AAF2-1A07839A559F} = {236D7FA3-9588-42DF-81F5-230B151871AE}
		{794690F5-53F2-42C6-9490-61091850FA1A} = {236D7FA3-9588-42DF-81F5-230B151871AE}
		{D0792FC1-4DB0-4FB8-A8D1-7699C497E368} = {3615B5F2-5662-4E3F-9C78-A4F3BF3DC38A}
		{03BF74B0-46B3-4159-A33D-80E152ED687A} = {0F936608-0212-4F51-8BB8-21011418B815}
		{EA14094F-FB55-5ABC-1402-B4229C4AD0B1} = {014F3517-EDCD-4BA6-97B6-0904CF40557A}
		{32CEDDCD-ACC6-4EE1-81FB-27CFE3FF31F1} = {02EA681E-C7D8-13C7-8484-4AC65E1B71E8}
		{F1FA65FD-A3E0-4A29-B334-E1E79D4B73BB} = {32CEDDCD-ACC6-4EE1-81FB-27CFE3FF31F1}
		{D16F53DD-8E48-4A47-8591-E4DDD2F9B56B} = {32CEDDCD-ACC6-4EE1-81FB-27CFE3FF31F1}
		{4CEB189D-1C1A-499E-B5C8-78BD36ED6A27} = {32CEDDCD-ACC6-4EE1-81FB-27CFE3FF31F1}
		{1EDA8476-E424-4F72-A8DC-27718AEF2A27} = {32CEDDCD-ACC6-4EE1-81FB-27CFE3FF31F1}
		{578DC0A5-F43A-4F4D-92C0-8017A5C65765} = {32CEDDCD-ACC6-4EE1-81FB-27CFE3FF31F1}
		{0C7FA8BD-3443-4838-B76A-5532D576BB32} = {02EA681E-C7D8-13C7-8484-4AC65E1B71E8}
		{2B41EC40-254F-4BF6-AE1F-754195551242} = {0C7FA8BD-3443-4838-B76A-5532D576BB32}
		{D79BA641-9444-4C02-9D79-A336E91B8440} = {FA036276-7B8B-4F37-9A2A-FB88F708F965}
		{410B79D5-A3B8-4481-B5F8-753A4052CF65} = {FA036276-7B8B-4F37-9A2A-FB88F708F965}
	EndGlobalSection
	GlobalSection(ExtensibilityGlobals) = postSolution
		SolutionGuid = {6CD6DB86-98F4-40A1-AC22-013233CBCD97}
	EndGlobalSection
EndGlobal
